<?xml version="1.0" encoding="utf-8"?>
<Project ToolsVersion="4.0" xmlns="http://schemas.microsoft.com/developer/msbuild/2003">
  <ItemGroup>
    <Filter Include="Source Files">
      <UniqueIdentifier>{4FC737F1-C7A5-4376-A066-2A32D752A2FF}</UniqueIdentifier>
      <Extensions>cpp;c;cc;cxx;def;odl;idl;hpj;bat;asm;asmx</Extensions>
    </Filter>
    <Filter Include="Header Files">
      <UniqueIdentifier>{93995380-89BD-4b04-88EB-625FBE52EBFB}</UniqueIdentifier>
      <Extensions>h;hh;hpp;hxx;hm;inl;inc;xsd</Extensions>
    </Filter>
    <Filter Include="Resource Files">
      <UniqueIdentifier>{67DA6AB6-F800-4c08-8B7A-83BB121AAD01}</UniqueIdentifier>
      <Extensions>rc;ico;cur;bmp;dlg;rc2;rct;bin;rgs;gif;jpg;jpeg;jpe;resx;tiff;tif;png;wav;mfcribbon-ms</Extensions>
    </Filter>
    <Filter Include="src">
      <UniqueIdentifier>{d0c9a9aa-b19a-43d0-9b21-6312c8ce296d}</UniqueIdentifier>
    </Filter>
    <Filter Include="src\zip">
      <UniqueIdentifier>{9cb45f6e-4b41-441c-ade5-79356b3af140}</UniqueIdentifier>
    </Filter>
    <Filter Include="src\utils">
      <UniqueIdentifier>{32d6449d-e9a8-4235-9954-5d50f0648719}</UniqueIdentifier>
    </Filter>
    <Filter Include="src\aes">
      <UniqueIdentifier>{161a3cd9-6075-4434-862f-eb050ff21560}</UniqueIdentifier>
    </Filter>
  </ItemGroup>
  <ItemGroup>
    <Text Include="ReadMe.txt" />
  </ItemGroup>
  <ItemGroup>
    <ClInclude Include="maker.h">
      <Filter>Header Files</Filter>
    </ClInclude>
    <ClInclude Include="makerDlg.h">
      <Filter>Header Files</Filter>
    </ClInclude>
    <ClInclude Include="stdafx.h">
      <Filter>Header Files</Filter>
    </ClInclude>
    <ClInclude Include="targetver.h">
      <Filter>Header Files</Filter>
    </ClInclude>
    <ClInclude Include="Resource.h">
      <Filter>Header Files</Filter>
    </ClInclude>
    <ClInclude Include="UtilFunc.h">
      <Filter>Header Files</Filter>
    </ClInclude>
    <ClInclude Include="src\aes\AESEncryption.h">
      <Filter>src\aes</Filter>
    </ClInclude>
    <ClInclude Include="src\aes\Rijndael.h">
      <Filter>src\aes</Filter>
    </ClInclude>
    <ClInclude Include="src\utils\Util.h">
      <Filter>src\utils</Filter>
    </ClInclude>
    <ClInclude Include="src\zip\zip.h">
      <Filter>src\zip</Filter>
    </ClInclude>
  </ItemGroup>
  <ItemGroup>
    <ClCompile Include="maker.cpp">
      <Filter>Source Files</Filter>
    </ClCompile>
    <ClCompile Include="makerDlg.cpp">
      <Filter>Source Files</Filter>
    </ClCompile>
    <ClCompile Include="stdafx.cpp">
      <Filter>Source Files</Filter>
    </ClCompile>
    <ClCompile Include="UtilFunc.cpp">
      <Filter>Source Files</Filter>
    </ClCompile>
    <ClCompile Include="src\aes\AESEncryption.cpp">
      <Filter>src\aes</Filter>
    </ClCompile>
    <ClCompile Include="src\aes\Rijndael.cpp">
      <Filter>src\aes</Filter>
    </ClCompile>
    <ClCompile Include="src\utils\Util.cpp">
      <Filter>src\utils</Filter>
    </ClCompile>
    <ClCompile Include="src\zip\zip.cpp">
      <Filter>src\zip</Filter>
    </ClCompile>
  </ItemGroup>
  <ItemGroup>
    <ResourceCompile Include="maker.rc">
      <Filter>Resource Files</Filter>
    </ResourceCompile>
  </ItemGroup>
  <ItemGroup>
    <None Include="res\maker.rc2">
      <Filter>Resource Files</Filter>
    </None>
  </ItemGroup>
  <ItemGroup>
    <Image Include="res\maker.ico">
      <Filter>Resource Files</Filter>
    </Image>
  </ItemGroup>
</Project>